// !$*UTF8*$!
{
	archiveVersion = 1;
	classes = {
	};
	objectVersion = 46;
	objects = {

/* Begin PBXBuildFile section */
		2BBE880519E918F8003DCA6C /* AppDelegate.swift in Sources */ = {isa = PBXBuildFile; fileRef = 2BBE880419E918F8003DCA6C /* AppDelegate.swift */; };
		2BBE880719E918F8003DCA6C /* ViewController.swift in Sources */ = {isa = PBXBuildFile; fileRef = 2BBE880619E918F8003DCA6C /* ViewController.swift */; };
		2BBE880A19E918F8003DCA6C /* Main.storyboard in Resources */ = {isa = PBXBuildFile; fileRef = 2BBE880819E918F8003DCA6C /* Main.storyboard */; };
		2BBE880C19E918F8003DCA6C /* Images.xcassets in Resources */ = {isa = PBXBuildFile; fileRef = 2BBE880B19E918F8003DCA6C /* Images.xcassets */; };
		2BBE880F19E918F8003DCA6C /* LaunchScreen.xib in Resources */ = {isa = PBXBuildFile; fileRef = 2BBE880D19E918F8003DCA6C /* LaunchScreen.xib */; };
		2BBE881B19E918F8003DCA6C /* Carie_BoulangerTests.swift in Sources */ = {isa = PBXBuildFile; fileRef = 2BBE881A19E918F8003DCA6C /* Carie_BoulangerTests.swift */; };
/* End PBXBuildFile section */

/* Begin PBXContainerItemProxy section */
		2BBE881519E918F8003DCA6C /* PBXContainerItemProxy */ = {
			isa = PBXContainerItemProxy;
			containerPortal = 2BBE87F719E918F8003DCA6C /* Project object */;
			proxyType = 1;
			remoteGlobalIDString = 2BBE87FE19E918F8003DCA6C;
			remoteInfo = Carie_Boulanger;
		};
/* End PBXContainerItemProxy section */

/* Begin PBXFileReference section */
		2BBE87FF19E918F8003DCA6C /* Carie_Boulanger.app */ = {isa = PBXFileReference; explicitFileType = wrapper.application; includeInIndex = 0; path = Carie_Boulanger.app; sourceTree = BUILT_PRODUCTS_DIR; };
		2BBE880319E918F8003DCA6C /* Info.plist */ = {isa = PBXFileReference; lastKnownFileType = text.plist.xml; path = Info.plist; sourceTree = "<group>"; };
		2BBE880419E918F8003DCA6C /* AppDelegate.swift */ = {isa = PBXFileReference; lastKnownFileType = sourcecode.swift; path = AppDelegate.swift; sourceTree = "<group>"; };
		2BBE880619E918F8003DCA6C /* ViewController.swift */ = {isa = PBXFileReference; lastKnownFileType = sourcecode.swift; path = ViewController.swift; sourceTree = "<group>"; };
		2BBE880919E918F8003DCA6C /* Base */ = {isa = PBXFileReference; lastKnownFileType = file.storyboard; name = Base; path = Base.lproj/Main.storyboard; sourceTree = "<group>"; };
		2BBE880B19E918F8003DCA6C /* Images.xcassets */ = {isa = PBXFileReference; lastKnownFileType = folder.assetcatalog; path = Images.xcassets; sourceTree = "<group>"; };
		2BBE880E19E918F8003DCA6C /* Base */ = {isa = PBXFileReference; lastKnownFileType = file.xib; name = Base; path = Base.lproj/LaunchScreen.xib; sourceTree = "<group>"; };
		2BBE881419E918F8003DCA6C /* Carie_BoulangerTests.xctest */ = {isa = PBXFileReference; explicitFileType = wrapper.cfbundle; includeInIndex = 0; path = Carie_BoulangerTests.xctest; sourceTree = BUILT_PRODUCTS_DIR; };
		2BBE881919E918F8003DCA6C /* Info.plist */ = {isa = PBXFileReference; lastKnownFileType = text.plist.xml; path = Info.plist; sourceTree = "<group>"; };
		2BBE881A19E918F8003DCA6C /* Carie_BoulangerTests.swift */ = {isa = PBXFileReference; lastKnownFileType = sourcecode.swift; path = Carie_BoulangerTests.swift; sourceTree = "<group>"; };
/* End PBXFileReference section */

/* Begin PBXFrameworksBuildPhase section */
		2BBE87FC19E918F8003DCA6C /* Frameworks */ = {
			isa = PBXFrameworksBuildPhase;
			buildActionMask = 2147483647;
			files = (
			);
			runOnlyForDeploymentPostprocessing = 0;
		};
		2BBE881119E918F8003DCA6C /* Frameworks */ = {
			isa = PBXFrameworksBuildPhase;
			buildActionMask = 2147483647;
			files = (
			);
			runOnlyForDeploymentPostprocessing = 0;
		};
/* End PBXFrameworksBuildPhase section */

/* Begin PBXGroup section */
		2BBE87F619E918F8003DCA6C = {
			isa = PBXGroup;
			children = (
				2BBE880119E918F8003DCA6C /* Carie_Boulanger */,
				2BBE881719E918F8003DCA6C /* Carie_BoulangerTests */,
				2BBE880019E918F8003DCA6C /* Products */,
			);
			sourceTree = "<group>";
		};
		2BBE880019E918F8003DCA6C /* Products */ = {
			isa = PBXGroup;
			children = (
				2BBE87FF19E918F8003DCA6C /* Carie_Boulanger.app */,
				2BBE881419E918F8003DCA6C /* Carie_BoulangerTests.xctest */,
			);
			name = Products;
			sourceTree = "<group>";
		};
		2BBE880119E918F8003DCA6C /* Carie_Boulanger */ = {
			isa = PBXGroup;
			children = (
				2BBE880419E918F8003DCA6C /* AppDelegate.swift */,
				2BBE880619E918F8003DCA6C /* ViewController.swift */,
				2BBE880819E918F8003DCA6C /* Main.storyboard */,
				2BBE880B19E918F8003DCA6C /* Images.xcassets */,
				2BBE880D19E918F8003DCA6C /* LaunchScreen.xib */,
				2BBE880219E918F8003DCA6C /* Supporting Files */,
			);
			path = Carie_Boulanger;
			sourceTree = "<group>";
		};
		2BBE880219E918F8003DCA6C /* Supporting Files */ = {
			isa = PBXGroup;
			children = (
				2BBE880319E918F8003DCA6C /* Info.plist */,
			);
			name = "Supporting Files";
			sourceTree = "<group>";
		};
		2BBE881719E918F8003DCA6C /* Carie_BoulangerTests */ = {
			isa = PBXGroup;
			children = (
				2BBE881A19E918F8003DCA6C /* Carie_BoulangerTests.swift */,
				2BBE881819E918F8003DCA6C /* Supporting Files */,
			);
			path = Carie_BoulangerTests;
			sourceTree = "<group>";
		};
		2BBE881819E918F8003DCA6C /* Supporting Files */ = {
			isa = PBXGroup;
			children = (
				2BBE881919E918F8003DCA6C /* Info.plist */,
			);
			name = "Supporting Files";
			sourceTree = "<group>";
		};
/* End PBXGroup section */

/* Begin PBXNativeTarget section */
		2BBE87FE19E918F8003DCA6C /* Carie_Boulanger */ = {
			isa = PBXNativeTarget;
			buildConfigurationList = 2BBE881E19E918F8003DCA6C /* Build configuration list for PBXNativeTarget "Carie_Boulanger" */;
			buildPhases = (
				2BBE87FB19E918F8003DCA6C /* Sources */,
				2BBE87FC19E918F8003DCA6C /* Frameworks */,
				2BBE87FD19E918F8003DCA6C /* Resources */,
			);
			buildRules = (
			);
			dependencies = (
			);
			name = Carie_Boulanger;
			productName = Carie_Boulanger;
			productReference = 2BBE87FF19E918F8003DCA6C /* Carie_Boulanger.app */;
			productType = "com.apple.product-type.application";
		};
		2BBE881319E918F8003DCA6C /* Carie_BoulangerTests */ = {
			isa = PBXNativeTarget;
			buildConfigurationList = 2BBE882119E918F8003DCA6C /* Build configuration list for PBXNativeTarget "Carie_BoulangerTests" */;
			buildPhases = (
				2BBE881019E918F8003DCA6C /* Sources */,
				2BBE881119E918F8003DCA6C /* Frameworks */,
				2BBE881219E918F8003DCA6C /* Resources */,
			);
			buildRules = (
			);
			dependencies = (
				2BBE881619E918F8003DCA6C /* PBXTargetDependency */,
			);
			name = Carie_BoulangerTests;
			productName = Carie_BoulangerTests;
			productReference = 2BBE881419E918F8003DCA6C /* Carie_BoulangerTests.xctest */;
			productType = "com.apple.product-type.bundle.unit-test";
		};
/* End PBXNativeTarget section */

/* Begin PBXProject section */
		2BBE87F719E918F8003DCA6C /* Project object */ = {
			isa = PBXProject;
			attributes = {
				LastUpgradeCheck = 0610;
				ORGANIZATIONNAME = "Gregory DELPU";
				TargetAttributes = {
					2BBE87FE19E918F8003DCA6C = {
						CreatedOnToolsVersion = 6.1;
					};
					2BBE881319E918F8003DCA6C = {
						CreatedOnToolsVersion = 6.1;
						TestTargetID = 2BBE87FE19E918F8003DCA6C;
					};
				};
			};
			buildConfigurationList = 2BBE87FA19E918F8003DCA6C /* Build configuration list for PBXProject "Carie_Boulanger" */;
			compatibilityVersion = "Xcode 3.2";
			developmentRegion = English;
			hasScannedForEncodings = 0;
			knownRegions = (
				en,
				Base,
			);
			mainGroup = 2BBE87F619E918F8003DCA6C;
			productRefGroup = 2BBE880019E918F8003DCA6C /* Products */;
			projectDirPath = "";
			projectRoot = "";
			targets = (
				2BBE87FE19E918F8003DCA6C /* Carie_Boulanger */,
				2BBE881319E918F8003DCA6C /* Carie_BoulangerTests */,
			);
		};
/* End PBXProject section */

/* Begin PBXResourcesBuildPhase section */
		2BBE87FD19E918F8003DCA6C /* Resources */ = {
			isa = PBXResourcesBuildPhase;
			buildActionMask = 2147483647;
			files = (
				2BBE880A19E918F8003DCA6C /* Main.storyboard in Resources */,
				2BBE880F19E918F8003DCA6C /* LaunchScreen.xib in Resources */,
				2BBE880C19E918F8003DCA6C /* Images.xcassets in Resources */,
			);
			runOnlyForDeploymentPostprocessing = 0;
		};
		2BBE881219E918F8003DCA6C /* Resources */ = {
			isa = PBXResourcesBuildPhase;
			buildActionMask = 2147483647;
			files = (
			);
			runOnlyForDeploymentPostprocessing = 0;
		};
/* End PBXResourcesBuildPhase section */

/* Begin PBXSourcesBuildPhase section */
		2BBE87FB19E918F8003DCA6C /* Sources */ = {
			isa = PBXSourcesBuildPhase;
			buildActionMask = 2147483647;
			files = (
				2BBE880719E918F8003DCA6C /* ViewController.swift in Sources */,
				2BBE880519E918F8003DCA6C /* AppDelegate.swift in Sources */,
			);
			runOnlyForDeploymentPostprocessing = 0;
		};
		2BBE881019E918F8003DCA6C /* Sources */ = {
			isa = PBXSourcesBuildPhase;
			buildActionMask = 2147483647;
			files = (
				2BBE881B19E918F8003DCA6C /* Carie_BoulangerTests.swift in Sources */,
			);
			runOnlyForDeploymentPostprocessing = 0;
		};
/* End PBXSourcesBuildPhase section */

/* Begin PBXTargetDependency section */
		2BBE881619E918F8003DCA6C /* PBXTargetDependency */ = {
			isa = PBXTargetDependency;
			target = 2BBE87FE19E918F8003DCA6C /* Carie_Boulanger */;
			targetProxy = 2BBE881519E918F8003DCA6C /* PBXContainerItemProxy */;
		};
/* End PBXTargetDependency section */

/* Begin PBXVariantGroup section */
		2BBE880819E918F8003DCA6C /* Main.storyboard */ = {
			isa = PBXVariantGroup;
			children = (
				2BBE880919E918F8003DCA6C /* Base */,
			);
			name = Main.storyboard;
			sourceTree = "<group>";
		};
		2BBE880D19E918F8003DCA6C /* LaunchScreen.xib */ = {
			isa = PBXVariantGroup;
			children = (
				2BBE880E19E918F8003DCA6C /* Base */,
			);
			name = LaunchScreen.xib;
			sourceTree = "<group>";
		};
/* End PBXVariantGroup section */

/* Begin XCBuildConfiguration section */
		2BBE881C19E918F8003DCA6C /* Debug */ = {
			isa = XCBuildConfiguration;
			buildSettings = {
				ALWAYS_SEARCH_USER_PATHS = NO;
				CLANG_CXX_LANGUAGE_STANDARD = "gnu++0x";
				CLANG_CXX_LIBRARY = "libc++";
				CLANG_ENABLE_MODULES = YES;
				CLANG_ENABLE_OBJC_ARC = YES;
				CLANG_WARN_BOOL_CONVERSION = YES;
				CLANG_WARN_CONSTANT_CONVERSION = YES;
				CLANG_WARN_DIRECT_OBJC_ISA_USAGE = YES_ERROR;
				CLANG_WARN_EMPTY_BODY = YES;
				CLANG_WARN_ENUM_CONVERSION = YES;
				CLANG_WARN_INT_CONVERSION = YES;
				CLANG_WARN_OBJC_ROOT_CLASS = YES_ERROR;
				CLANG_WARN_UNREACHABLE_CODE = YES;
				CLANG_WARN__DUPLICATE_METHOD_MATCH = YES;
				"CODE_SIGN_IDENTITY[sdk=iphoneos*]" = "iPhone Developer";
				COPY_PHASE_STRIP = NO;
				ENABLE_STRICT_OBJC_MSGSEND = YES;
				GCC_C_LANGUAGE_STANDARD = gnu99;
				GCC_DYNAMIC_NO_PIC = NO;
				GCC_OPTIMIZATION_LEVEL = 0;
				GCC_PREPROCESSOR_DEFINITIONS = (
					"DEBUG=1",
					"$(inherited)",
				);
				GCC_SYMBOLS_PRIVATE_EXTERN = NO;
				GCC_WARN_64_TO_32_BIT_CONVERSION = YES;
				GCC_WARN_ABOUT_RETURN_TYPE = YES_ERROR;
				GCC_WARN_UNDECLARED_SELECTOR = YES;
				GCC_WARN_UNINITIALIZED_AUTOS = YES_AGGRESSIVE;
				GCC_WARN_UNUSED_FUNCTION = YES;
				GCC_WARN_UNUSED_VARIABLE = YES;
				IPHONEOS_DEPLOYMENT_TARGET = 8.1;
				MTL_ENABLE_DEBUG_INFO = YES;
				ONLY_ACTIVE_ARCH = YES;
				SDKROOT = iphoneos;
				SWIFT_OPTIMIZATION_LEVEL = "-Onone";
			};
			name = Debug;
		};
		2BBE881D19E918F8003DCA6C /* Release */ = {
			isa = XCBuildConfiguration;
			buildSettings = {
				ALWAYS_SEARCH_USER_PATHS = NO;
				CLANG_CXX_LANGUAGE_STANDARD = "gnu++0x";
				CLANG_CXX_LIBRARY = "libc++";
				CLANG_ENABLE_MODULES = YES;
				CLANG_ENABLE_OBJC_ARC = YES;
				CLANG_WARN_BOOL_CONVERSION = YES;
				CLANG_WARN_CONSTANT_CONVERSION = YES;
				CLANG_WARN_DIRECT_OBJC_ISA_USAGE = YES_ERROR;
				CLANG_WARN_EMPTY_BODY = YES;
				CLANG_WARN_ENUM_CONVERSION = YES;
				CLANG_WARN_INT_CONVERSION = YES;
				CLANG_WARN_OBJC_ROOT_CLASS = YES_ERROR;
				CLANG_WARN_UNREACHABLE_CODE = YES;
				CLANG_WARN__DUPLICATE_METHOD_MATCH = YES;
				"CODE_SIGN_IDENTITY[sdk=iphoneos*]" = "iPhone Developer";
				COPY_PHASE_STRIP = YES;
				ENABLE_NS_ASSERTIONS = NO;
				ENABLE_STRICT_OBJC_MSGSEND = YES;
				GCC_C_LANGUAGE_STANDARD = gnu99;
				GCC_WARN_64_TO_32_BIT_CONVERSION = YES;
				GCC_WARN_ABOUT_RETURN_TYPE = YES_ERROR;
				GCC_WARN_UNDECLARED_SELECTOR = YES;
				GCC_WARN_UNINITIALIZED_AUTOS = YES_AGGRESSIVE;
				GCC_WARN_UNUSED_FUNCTION = YES;
				GCC_WARN_UNUSED_VARIABLE = YES;
				IPHONEOS_DEPLOYMENT_TARGET = 8.1;
				MTL_ENABLE_DEBUG_INFO = NO;
				SDKROOT = iphoneos;
				VALIDATE_PRODUCT = YES;
			};
			name = Release;
		};
		2BBE881F19E918F8003DCA6C /* Debug */ = {
			isa = XCBuildConfiguration;
			buildSettings = {
				ASSETCATALOG_COMPILER_APPICON_NAME = AppIcon;
				INFOPLIST_FILE = Carie_Boulanger/Info.plist;
				LD_RUNPATH_SEARCH_PATHS = "$(inherited) @executable_path/Frameworks";
				PRODUCT_NAME = "$(TARGET_NAME)";
			};
			name = Debug;
		};
		2BBE882019E918F8003DCA6C /* Release */ = {
			isa = XCBuildConfiguration;
			buildSettings = {
				ASSETCATALOG_COMPILER_APPICON_NAME = AppIcon;
				INFOPLIST_FILE = Carie_Boulanger/Info.plist;
				LD_RUNPATH_SEARCH_PATHS = "$(inherited) @executable_path/Frameworks";
				PRODUCT_NAME = "$(TARGET_NAME)";
			};
			name = Release;
		};
		2BBE882219E918F8003DCA6C /* Debug */ = {
			isa = XCBuildConfiguration;
			buildSettings = {
				BUNDLE_LOADER = "$(TEST_HOST)";
				FRAMEWORK_SEARCH_PATHS = (
					"$(SDKROOT)/Developer/Library/Frameworks",
					"$(inherited)",
				);
				GCC_PREPROCESSOR_DEFINITIONS = (
					"DEBUG=1",
					"$(inherited)",
				);
				INFOPLIST_FILE = Carie_BoulangerTests/Info.plist;
				LD_RUNPATH_SEARCH_PATHS = "$(inherited) @executable_path/Frameworks @loader_path/Frameworks";
				PRODUCT_NAME = "$(TARGET_NAME)";
				TEST_HOST = "$(BUILT_PRODUCTS_DIR)/Carie_Boulanger.app/Carie_Boulanger";
			};
			name = Debug;
		};
		2BBE882319E918F8003DCA6C /* Release */ = {
			isa = XCBuildConfiguration;
			buildSettings = {
				BUNDLE_LOADER = "$(TEST_HOST)";
				FRAMEWORK_SEARCH_PATHS = (
					"$(SDKROOT)/Developer/Library/Frameworks",
					"$(inherited)",
				);
				INFOPLIST_FILE = Carie_BoulangerTests/Info.plist;
				LD_RUNPATH_SEARCH_PATHS = "$(inherited) @executable_path/Frameworks @loader_path/Frameworks";
				PRODUCT_NAME = "$(TARGET_NAME)";
				TEST_HOST = "$(BUILT_PRODUCTS_DIR)/Carie_Boulanger.app/Carie_Boulanger";
			};
			name = Release;
		};
/* End XCBuildConfiguration section */

/* Begin XCConfigurationList section */
		2BBE87FA19E918F8003DCA6C /* Build configuration list for PBXProject "Carie_Boulanger" */ = {
			isa = XCConfigurationList;
			buildConfigurations = (
				2BBE881C19E918F8003DCA6C /* Debug */,
				2BBE881D19E918F8003DCA6C /* Release */,
			);
			defaultConfigurationIsVisible = 0;
			defaultConfigurationName = Release;
		};
		2BBE881E19E918F8003DCA6C /* Build configuration list for PBXNativeTarget "Carie_Boulanger" */ = {
			isa = XCConfigurationList;
			buildConfigurations = (
				2BBE881F19E918F8003DCA6C /* Debug */,
				2BBE882019E918F8003DCA6C /* Release */,
			);
			defaultConfigurationIsVisible = 0;
		};
		2BBE882119E918F8003DCA6C /* Build configuration list for PBXNativeTarget "Carie_BoulangerTests" */ = {
			isa = XCConfigurationList;
			buildConfigurations = (
				2BBE882219E918F8003DCA6C /* Debug */,
				2BBE882319E918F8003DCA6C /* Release */,
			);
			defaultConfigurationIsVisible = 0;
		};
/* End XCConfigurationList section */
	};
	rootObject = 2BBE87F719E918F8003DCA6C /* Project object */;
}
